# THIS IS AN AUTOGENERATED FILE. DO NOT EDIT THIS FILE DIRECTLY.
# yarn lockfile v1


"@better-typed/react-lifecycle-hooks@^1.0.5":
  version "1.0.5"
  resolved "https://registry.yarnpkg.com/@better-typed/react-lifecycle-hooks/-/react-lifecycle-hooks-1.0.5.tgz#c171ad2582337e5c82521bce4b2951d82b5d6ccf"
  integrity sha512-5wuDiE8u5jUAaadyRBqTcWQMEFU06I/tJb/fK6FHCBLcrQR2RO+hkgqJmucSfrXYj1nZtO3qTz4CjJyEjSfHWA==
